// !$*UTF8*$!
{
	archiveVersion = 1;
	classes = {
	};
	objectVersion = 50;
	objects = {

/* Begin PBXBuildFile section */
		E14892AF2252D4E900A0833B /* AppDelegate.swift in Sources */ = {isa = PBXBuildFile; fileRef = E14892AE2252D4E900A0833B /* AppDelegate.swift */; };
		E14892B12252D4E900A0833B /* ViewController.swift in Sources */ = {isa = PBXBuildFile; fileRef = E14892B02252D4E900A0833B /* ViewController.swift */; };
		E14892B42252D4E900A0833B /* Main.storyboard in Resources */ = {isa = PBXBuildFile; fileRef = E14892B22252D4E900A0833B /* Main.storyboard */; };
		E14892B62252D4EA00A0833B /* Assets.xcassets in Resources */ = {isa = PBXBuildFile; fileRef = E14892B52252D4EA00A0833B /* Assets.xcassets */; };
		E14892B92252D4EA00A0833B /* LaunchScreen.storyboard in Resources */ = {isa = PBXBuildFile; fileRef = E14892B72252D4EA00A0833B /* LaunchScreen.storyboard */; };
		E14892C12252D5A800A0833B /* ExpensesPropertyList.plist in Resources */ = {isa = PBXBuildFile; fileRef = E14892C02252D5A800A0833B /* ExpensesPropertyList.plist */; };
		E14892C32252D71800A0833B /* Expense.swift in Sources */ = {isa = PBXBuildFile; fileRef = E14892C22252D71800A0833B /* Expense.swift */; };
		E14892C52252D81900A0833B /* ExpenseManager.swift in Sources */ = {isa = PBXBuildFile; fileRef = E14892C42252D81900A0833B /* ExpenseManager.swift */; };
/* End PBXBuildFile section */

/* Begin PBXFileReference section */
		E14892AB2252D4E900A0833B /* Chapter13PropertyListDemo.app */ = {isa = PBXFileReference; explicitFileType = wrapper.application; includeInIndex = 0; path = Chapter13PropertyListDemo.app; sourceTree = BUILT_PRODUCTS_DIR; };
		E14892AE2252D4E900A0833B /* AppDelegate.swift */ = {isa = PBXFileReference; lastKnownFileType = sourcecode.swift; path = AppDelegate.swift; sourceTree = "<group>"; };
		E14892B02252D4E900A0833B /* ViewController.swift */ = {isa = PBXFileReference; lastKnownFileType = sourcecode.swift; path = ViewController.swift; sourceTree = "<group>"; };
		E14892B32252D4E900A0833B /* Base */ = {isa = PBXFileReference; lastKnownFileType = file.storyboard; name = Base; path = Base.lproj/Main.storyboard; sourceTree = "<group>"; };
		E14892B52252D4EA00A0833B /* Assets.xcassets */ = {isa = PBXFileReference; lastKnownFileType = folder.assetcatalog; path = Assets.xcassets; sourceTree = "<group>"; };
		E14892B82252D4EA00A0833B /* Base */ = {isa = PBXFileReference; lastKnownFileType = file.storyboard; name = Base; path = Base.lproj/LaunchScreen.storyboard; sourceTree = "<group>"; };
		E14892BA2252D4EA00A0833B /* Info.plist */ = {isa = PBXFileReference; lastKnownFileType = text.plist.xml; path = Info.plist; sourceTree = "<group>"; };
		E14892C02252D5A800A0833B /* ExpensesPropertyList.plist */ = {isa = PBXFileReference; lastKnownFileType = text.plist.xml; path = ExpensesPropertyList.plist; sourceTree = "<group>"; };
		E14892C22252D71800A0833B /* Expense.swift */ = {isa = PBXFileReference; lastKnownFileType = sourcecode.swift; path = Expense.swift; sourceTree = "<group>"; };
		E14892C42252D81900A0833B /* ExpenseManager.swift */ = {isa = PBXFileReference; lastKnownFileType = sourcecode.swift; path = ExpenseManager.swift; sourceTree = "<group>"; };
/* End PBXFileReference section */

/* Begin PBXFrameworksBuildPhase section */
		E14892A82252D4E900A0833B /* Frameworks */ = {
			isa = PBXFrameworksBuildPhase;
			buildActionMask = 2147483647;
			files = (
			);
			runOnlyForDeploymentPostprocessing = 0;
		};
/* End PBXFrameworksBuildPhase section */

/* Begin PBXGroup section */
		E14892A22252D4E900A0833B = {
			isa = PBXGroup;
			children = (
				E14892AD2252D4E900A0833B /* Chapter13PropertyListDemo */,
				E14892AC2252D4E900A0833B /* Products */,
			);
			sourceTree = "<group>";
		};
		E14892AC2252D4E900A0833B /* Products */ = {
			isa = PBXGroup;
			children = (
				E14892AB2252D4E900A0833B /* Chapter13PropertyListDemo.app */,
			);
			name = Products;
			sourceTree = "<group>";
		};
		E14892AD2252D4E900A0833B /* Chapter13PropertyListDemo */ = {
			isa = PBXGroup;
			children = (
				E14892AE2252D4E900A0833B /* AppDelegate.swift */,
				E14892B02252D4E900A0833B /* ViewController.swift */,
				E14892B22252D4E900A0833B /* Main.storyboard */,
				E14892B52252D4EA00A0833B /* Assets.xcassets */,
				E14892B72252D4EA00A0833B /* LaunchScreen.storyboard */,
				E14892BA2252D4EA00A0833B /* Info.plist */,
				E14892C02252D5A800A0833B /* ExpensesPropertyList.plist */,
				E14892C22252D71800A0833B /* Expense.swift */,
				E14892C42252D81900A0833B /* ExpenseManager.swift */,
			);
			path = Chapter13PropertyListDemo;
			sourceTree = "<group>";
		};
/* End PBXGroup section */

/* Begin PBXNativeTarget section */
		E14892AA2252D4E900A0833B /* Chapter13PropertyListDemo */ = {
			isa = PBXNativeTarget;
			buildConfigurationList = E14892BD2252D4EA00A0833B /* Build configuration list for PBXNativeTarget "Chapter13PropertyListDemo" */;
			buildPhases = (
				E14892A72252D4E900A0833B /* Sources */,
				E14892A82252D4E900A0833B /* Frameworks */,
				E14892A92252D4E900A0833B /* Resources */,
			);
			buildRules = (
			);
			dependencies = (
			);
			name = Chapter13PropertyListDemo;
			productName = Chapter13PropertyListDemo;
			productReference = E14892AB2252D4E900A0833B /* Chapter13PropertyListDemo.app */;
			productType = "com.apple.product-type.application";
		};
/* End PBXNativeTarget section */

/* Begin PBXProject section */
		E14892A32252D4E900A0833B /* Project object */ = {
			isa = PBXProject;
			attributes = {
				LastSwiftUpdateCheck = 0940;
				LastUpgradeCheck = 0940;
				ORGANIZATIONNAME = "Jace Mattson";
				TargetAttributes = {
					E14892AA2252D4E900A0833B = {
						CreatedOnToolsVersion = 9.4.1;
					};
				};
			};
			buildConfigurationList = E14892A62252D4E900A0833B /* Build configuration list for PBXProject "Chapter13PropertyListDemo" */;
			compatibilityVersion = "Xcode 9.3";
			developmentRegion = en;
			hasScannedForEncodings = 0;
			knownRegions = (
				en,
				Base,
			);
			mainGroup = E14892A22252D4E900A0833B;
			productRefGroup = E14892AC2252D4E900A0833B /* Products */;
			projectDirPath = "";
			projectRoot = "";
			targets = (
				E14892AA2252D4E900A0833B /* Chapter13PropertyListDemo */,
			);
		};
/* End PBXProject section */

/* Begin PBXResourcesBuildPhase section */
		E14892A92252D4E900A0833B /* Resources */ = {
			isa = PBXResourcesBuildPhase;
			buildActionMask = 2147483647;
			files = (
				E14892C12252D5A800A0833B /* ExpensesPropertyList.plist in Resources */,
				E14892B92252D4EA00A0833B /* LaunchScreen.storyboard in Resources */,
				E14892B62252D4EA00A0833B /* Assets.xcassets in Resources */,
				E14892B42252D4E900A0833B /* Main.storyboard in Resources */,
			);
			runOnlyForDeploymentPostprocessing = 0;
		};
/* End PBXResourcesBuildPhase section */

/* Begin PBXSourcesBuildPhase section */
		E14892A72252D4E900A0833B /* Sources */ = {
			isa = PBXSourcesBuildPhase;
			buildActionMask = 2147483647;
			files = (
				E14892C32252D71800A0833B /* Expense.swift in Sources */,
				E14892B12252D4E900A0833B /* ViewController.swift in Sources */,
				E14892C52252D81900A0833B /* ExpenseManager.swift in Sources */,
				E14892AF2252D4E900A0833B /* AppDelegate.swift in Sources */,
			);
			runOnlyForDeploymentPostprocessing = 0;
		};
/* End PBXSourcesBuildPhase section */

/* Begin PBXVariantGroup section */
		E14892B22252D4E900A0833B /* Main.storyboard */ = {
			isa = PBXVariantGroup;
			children = (
				E14892B32252D4E900A0833B /* Base */,
			);
			name = Main.storyboard;
			sourceTree = "<group>";
		};
		E14892B72252D4EA00A0833B /* LaunchScreen.storyboard */ = {
			isa = PBXVariantGroup;
			children = (
				E14892B82252D4EA00A0833B /* Base */,
			);
			name = LaunchScreen.storyboard;
			sourceTree = "<group>";
		};
/* End PBXVariantGroup section */

/* Begin XCBuildConfiguration section */
		E14892BB2252D4EA00A0833B /* Debug */ = {
			isa = XCBuildConfiguration;
			buildSettings = {
				ALWAYS_SEARCH_USER_PATHS = NO;
				CLANG_ANALYZER_NONNULL = YES;
				CLANG_ANALYZER_NUMBER_OBJECT_CONVERSION = YES_AGGRESSIVE;
				CLANG_CXX_LANGUAGE_STANDARD = "gnu++14";
				CLANG_CXX_LIBRARY = "libc++";
				CLANG_ENABLE_MODULES = YES;
				CLANG_ENABLE_OBJC_ARC = YES;
				CLANG_ENABLE_OBJC_WEAK = YES;
				CLANG_WARN_BLOCK_CAPTURE_AUTORELEASING = YES;
				CLANG_WARN_BOOL_CONVERSION = YES;
				CLANG_WARN_COMMA = YES;
				CLANG_WARN_CONSTANT_CONVERSION = YES;
				CLANG_WARN_DEPRECATED_OBJC_IMPLEMENTATIONS = YES;
				CLANG_WARN_DIRECT_OBJC_ISA_USAGE = YES_ERROR;
				CLANG_WARN_DOCUMENTATION_COMMENTS = YES;
				CLANG_WARN_EMPTY_BODY = YES;
				CLANG_WARN_ENUM_CONVERSION = YES;
				CLANG_WARN_INFINITE_RECURSION = YES;
				CLANG_WARN_INT_CONVERSION = YES;
				CLANG_WARN_NON_LITERAL_NULL_CONVERSION = YES;
				CLANG_WARN_OBJC_IMPLICIT_RETAIN_SELF = YES;
				CLANG_WARN_OBJC_LITERAL_CONVERSION = YES;
				CLANG_WARN_OBJC_ROOT_CLASS = YES_ERROR;
				CLANG_WARN_RANGE_LOOP_ANALYSIS = YES;
				CLANG_WARN_STRICT_PROTOTYPES = YES;
				CLANG_WARN_SUSPICIOUS_MOVE = YES;
				CLANG_WARN_UNGUARDED_AVAILABILITY = YES_AGGRESSIVE;
				CLANG_WARN_UNREACHABLE_CODE = YES;
				CLANG_WARN__DUPLICATE_METHOD_MATCH = YES;
				CODE_SIGN_IDENTITY = "iPhone Developer";
				COPY_PHASE_STRIP = NO;
				DEBUG_INFORMATION_FORMAT = dwarf;
				ENABLE_STRICT_OBJC_MSGSEND = YES;
				ENABLE_TESTABILITY = YES;
				GCC_C_LANGUAGE_STANDARD = gnu11;
				GCC_DYNAMIC_NO_PIC = NO;
				GCC_NO_COMMON_BLOCKS = YES;
				GCC_OPTIMIZATION_LEVEL = 0;
				GCC_PREPROCESSOR_DEFINITIONS = (
					"DEBUG=1",
					"$(inherited)",
				);
				GCC_WARN_64_TO_32_BIT_CONVERSION = YES;
				GCC_WARN_ABOUT_RETURN_TYPE = YES_ERROR;
				GCC_WARN_UNDECLARED_SELECTOR = YES;
				GCC_WARN_UNINITIALIZED_AUTOS = YES_AGGRESSIVE;
				GCC_WARN_UNUSED_FUNCTION = YES;
				GCC_WARN_UNUSED_VARIABLE = YES;
				IPHONEOS_DEPLOYMENT_TARGET = 11.4;
				MTL_ENABLE_DEBUG_INFO = YES;
				ONLY_ACTIVE_ARCH = YES;
				SDKROOT = iphoneos;
				SWIFT_ACTIVE_COMPILATION_CONDITIONS = DEBUG;
				SWIFT_OPTIMIZATION_LEVEL = "-Onone";
			};
			name = Debug;
		};
		E14892BC2252D4EA00A0833B /* Release */ = {
			isa = XCBuildConfiguration;
			buildSettings = {
				ALWAYS_SEARCH_USER_PATHS = NO;
				CLANG_ANALYZER_NONNULL = YES;
				CLANG_ANALYZER_NUMBER_OBJECT_CONVERSION = YES_AGGRESSIVE;
				CLANG_CXX_LANGUAGE_STANDARD = "gnu++14";
				CLANG_CXX_LIBRARY = "libc++";
				CLANG_ENABLE_MODULES = YES;
				CLANG_ENABLE_OBJC_ARC = YES;
				CLANG_ENABLE_OBJC_WEAK = YES;
				CLANG_WARN_BLOCK_CAPTURE_AUTORELEASING = YES;
				CLANG_WARN_BOOL_CONVERSION = YES;
				CLANG_WARN_COMMA = YES;
				CLANG_WARN_CONSTANT_CONVERSION = YES;
				CLANG_WARN_DEPRECATED_OBJC_IMPLEMENTATIONS = YES;
				CLANG_WARN_DIRECT_OBJC_ISA_USAGE = YES_ERROR;
				CLANG_WARN_DOCUMENTATION_COMMENTS = YES;
				CLANG_WARN_EMPTY_BODY = YES;
				CLANG_WARN_ENUM_CONVERSION = YES;
				CLANG_WARN_INFINITE_RECURSION = YES;
				CLANG_WARN_INT_CONVERSION = YES;
				CLANG_WARN_NON_LITERAL_NULL_CONVERSION = YES;
				CLANG_WARN_OBJC_IMPLICIT_RETAIN_SELF = YES;
				CLANG_WARN_OBJC_LITERAL_CONVERSION = YES;
				CLANG_WARN_OBJC_ROOT_CLASS = YES_ERROR;
				CLANG_WARN_RANGE_LOOP_ANALYSIS = YES;
				CLANG_WARN_STRICT_PROTOTYPES = YES;
				CLANG_WARN_SUSPICIOUS_MOVE = YES;
				CLANG_WARN_UNGUARDED_AVAILABILITY = YES_AGGRESSIVE;
				CLANG_WARN_UNREACHABLE_CODE = YES;
				CLANG_WARN__DUPLICATE_METHOD_MATCH = YES;
				CODE_SIGN_IDENTITY = "iPhone Developer";
				COPY_PHASE_STRIP = NO;
				DEBUG_INFORMATION_FORMAT = "dwarf-with-dsym";
				ENABLE_NS_ASSERTIONS = NO;
				ENABLE_STRICT_OBJC_MSGSEND = YES;
				GCC_C_LANGUAGE_STANDARD = gnu11;
				GCC_NO_COMMON_BLOCKS = YES;
				GCC_WARN_64_TO_32_BIT_CONVERSION = YES;
				GCC_WARN_ABOUT_RETURN_TYPE = YES_ERROR;
				GCC_WARN_UNDECLARED_SELECTOR = YES;
				GCC_WARN_UNINITIALIZED_AUTOS = YES_AGGRESSIVE;
				GCC_WARN_UNUSED_FUNCTION = YES;
				GCC_WARN_UNUSED_VARIABLE = YES;
				IPHONEOS_DEPLOYMENT_TARGET = 11.4;
				MTL_ENABLE_DEBUG_INFO = NO;
				SDKROOT = iphoneos;
				SWIFT_COMPILATION_MODE = wholemodule;
				SWIFT_OPTIMIZATION_LEVEL = "-O";
				VALIDATE_PRODUCT = YES;
			};
			name = Release;
		};
		E14892BE2252D4EA00A0833B /* Debug */ = {
			isa = XCBuildConfiguration;
			buildSettings = {
				ASSETCATALOG_COMPILER_APPICON_NAME = AppIcon;
				CODE_SIGN_STYLE = Automatic;
				INFOPLIST_FILE = Chapter13PropertyListDemo/Info.plist;
				LD_RUNPATH_SEARCH_PATHS = (
					"$(inherited)",
					"@executable_path/Frameworks",
				);
				PRODUCT_BUNDLE_IDENTIFIER = ca.nait.dmit.cpsc1519.Chapter13PropertyListDemo;
				PRODUCT_NAME = "$(TARGET_NAME)";
				SWIFT_VERSION = 4.0;
				TARGETED_DEVICE_FAMILY = "1,2";
			};
			name = Debug;
		};
		E14892BF2252D4EA00A0833B /* Release */ = {
			isa = XCBuildConfiguration;
			buildSettings = {
				ASSETCATALOG_COMPILER_APPICON_NAME = AppIcon;
				CODE_SIGN_STYLE = Automatic;
				INFOPLIST_FILE = Chapter13PropertyListDemo/Info.plist;
				LD_RUNPATH_SEARCH_PATHS = (
					"$(inherited)",
					"@executable_path/Frameworks",
				);
				PRODUCT_BUNDLE_IDENTIFIER = ca.nait.dmit.cpsc1519.Chapter13PropertyListDemo;
				PRODUCT_NAME = "$(TARGET_NAME)";
				SWIFT_VERSION = 4.0;
				TARGETED_DEVICE_FAMILY = "1,2";
			};
			name = Release;
		};
/* End XCBuildConfiguration section */

/* Begin XCConfigurationList section */
		E14892A62252D4E900A0833B /* Build configuration list for PBXProject "Chapter13PropertyListDemo" */ = {
			isa = XCConfigurationList;
			buildConfigurations = (
				E14892BB2252D4EA00A0833B /* Debug */,
				E14892BC2252D4EA00A0833B /* Release */,
			);
			defaultConfigurationIsVisible = 0;
			defaultConfigurationName = Release;
		};
		E14892BD2252D4EA00A0833B /* Build configuration list for PBXNativeTarget "Chapter13PropertyListDemo" */ = {
			isa = XCConfigurationList;
			buildConfigurations = (
				E14892BE2252D4EA00A0833B /* Debug */,
				E14892BF2252D4EA00A0833B /* Release */,
			);
			defaultConfigurationIsVisible = 0;
			defaultConfigurationName = Release;
		};
/* End XCConfigurationList section */
	};
	rootObject = E14892A32252D4E900A0833B /* Project object */;
}
